{
  "version": 4,
  "terraform_version": "0.12.15",
  "serial": 2,
  "lineage": "5a17f6e4-dc92-d121-f753-17e62c7b3f66",
  "outputs": {
    "result": {
      "value": {
        "id": "sha256:540a289bab6cb1bf880086a9b803cf0c4cefe38cbb5cdefa199b69614525199fnginx:latest",
        "keep_locally": null,
        "latest": "sha256:540a289bab6cb1bf880086a9b803cf0c4cefe38cbb5cdefa199b69614525199f",
        "name": "nginx:latest",
        "pull_trigger": null,
        "pull_triggers": null
      },
      "type": [
        "object",
        {
          "id": "string",
          "keep_locally": "bool",
          "latest": "string",
          "name": "string",
          "pull_trigger": "string",
          "pull_triggers": [
            "set",
            "string"
          ]
        }
      ]
    }
  },
  "resources": [
    {
      "mode": "data",
      "type": "docker_registry_image",
      "name": "image_name",
      "provider": "provider.docker",
      "instances": [
        {
          "schema_version": 0,
          "attributes": {
            "id": "sha256:f56b43e9913cef097f246d65119df4eda1d61670f7f2ab720831a01f66f6ff9c",
            "name": "nginx:latest",
            "sha256_digest": "sha256:f56b43e9913cef097f246d65119df4eda1d61670f7f2ab720831a01f66f6ff9c"
          }
        }
      ]
    },
    {
      "mode": "managed",
      "type": "docker_image",
      "name": "images",
      "provider": "provider.docker",
      "instances": [
        {
          "schema_version": 0,
          "attributes": {
            "id": "sha256:540a289bab6cb1bf880086a9b803cf0c4cefe38cbb5cdefa199b69614525199fnginx:latest",
            "keep_locally": null,
            "latest": "sha256:540a289bab6cb1bf880086a9b803cf0c4cefe38cbb5cdefa199b69614525199f",
            "name": "nginx:latest",
            "pull_trigger": null,
            "pull_triggers": null
          },
          "private": "bnVsbA=="
        }
      ]
    }
  ]
}
